
Microsoft Visual Studio Solution File, Format Version 12.00
# Visual Studio Version 17
VisualStudioVersion = 17.13.35828.75
MinimumVisualStudioVersion = 10.0.40219.1
Project("{8BC9CEB8-8B4A-11D0-8D11-00A0C91BC942}") = "Problem01-MultiplicationTable", "Problem01-MultiplicationTable\Problem01-MultiplicationTable.vcxproj", "{4B717B37-EA35-402B-9916-43759B644E5C}"
EndProject
Project("{8BC9CEB8-8B4A-11D0-8D11-00A0C91BC942}") = "Problem02-PrimeNumbersFrom1ToN", "Problem02-PrimeNumbersFrom1ToN\Problem02-PrimeNumbersFrom1ToN.vcxproj", "{1634A420-EADF-401D-8115-CD0CC91C448C}"
EndProject
Project("{8BC9CEB8-8B4A-11D0-8D11-00A0C91BC942}") = "Problem03-PerfectNumber", "Problem03-PerfectNumber\Problem03-PerfectNumber.vcxproj", "{7559B309-7D35-4074-8FEF-895B48582D99}"
EndProject
Project("{8BC9CEB8-8B4A-11D0-8D11-00A0C91BC942}") = "Problem04-PerfectNumbersFrom1ToN", "Problem04-PerfectNumbersFrom1ToN\Problem04-PerfectNumbersFrom1ToN.vcxproj", "{85B29872-3F49-46EB-8752-98A104E14FCD}"
EndProject
Project("{8BC9CEB8-8B4A-11D0-8D11-00A0C91BC942}") = "Problem05-PrintDigitsReversed", "Problem05-PrintDigitsReversed\Problem05-PrintDigitsReversed.vcxproj", "{E3AF2B09-A8B9-4E77-B644-5D7745508066}"
EndProject
Project("{8BC9CEB8-8B4A-11D0-8D11-00A0C91BC942}") = "Problem06-SumOfDigits", "Problem06-SumOfDigits\Problem06-SumOfDigits.vcxproj", "{73DFC8A5-0AFC-47AB-8BC1-895EC2433A31}"
EndProject
Project("{8BC9CEB8-8B4A-11D0-8D11-00A0C91BC942}") = "Problem07 - Reverse Number Digits", "Problem07 - Reverse Number Digits\Problem07 - Reverse Number Digits.vcxproj", "{77413A61-A866-4E31-B090-5353D95DEBD1}"
EndProject
Project("{8BC9CEB8-8B4A-11D0-8D11-00A0C91BC942}") = "Problem08-DigitFrequencyInNumber", "Problem08-DigitFrequencyInNumber\Problem08-DigitFrequencyInNumber.vcxproj", "{EFDD4ED9-9988-47B5-B19D-79F665FFF9C6}"
EndProject
Project("{8BC9CEB8-8B4A-11D0-8D11-00A0C91BC942}") = "Problem09-DigitsFrequencyInNumber", "Problem09-DigitsFrequencyInNumber\Problem09-DigitsFrequencyInNumber.vcxproj", "{4087C2FB-956A-4295-B7FB-9B3DC98AF601}"
EndProject
Project("{8BC9CEB8-8B4A-11D0-8D11-00A0C91BC942}") = "Problem10-PrintDigitsInOrder", "Problem10-PrintDigitsInOrder\Problem10-PrintDigitsInOrder.vcxproj", "{196A6B71-0604-476F-AC3F-DE61C42C172B}"
EndProject
Project("{8BC9CEB8-8B4A-11D0-8D11-00A0C91BC942}") = "Problem11-PalidromeNumber", "Problem11-PalidromeNumber\Problem11-PalidromeNumber.vcxproj", "{5D43B68F-55D7-416A-9409-0824952705CA}"
EndProject
Project("{8BC9CEB8-8B4A-11D0-8D11-00A0C91BC942}") = "Problem12-InvertedNumberPattern", "Problem12-InvertedNumberPattern\Problem12-InvertedNumberPattern.vcxproj", "{963180C4-9DB2-4FA2-9A01-FCFCDC45F028}"
EndProject
Global
	GlobalSection(SolutionConfigurationPlatforms) = preSolution
		Debug|x64 = Debug|x64
		Debug|x86 = Debug|x86
		Release|x64 = Release|x64
		Release|x86 = Release|x86
	EndGlobalSection
	GlobalSection(ProjectConfigurationPlatforms) = postSolution
		{4B717B37-EA35-402B-9916-43759B644E5C}.Debug|x64.ActiveCfg = Debug|x64
		{4B717B37-EA35-402B-9916-43759B644E5C}.Debug|x64.Build.0 = Debug|x64
		{4B717B37-EA35-402B-9916-43759B644E5C}.Debug|x86.ActiveCfg = Debug|Win32
		{4B717B37-EA35-402B-9916-43759B644E5C}.Debug|x86.Build.0 = Debug|Win32
		{4B717B37-EA35-402B-9916-43759B644E5C}.Release|x64.ActiveCfg = Release|x64
		{4B717B37-EA35-402B-9916-43759B644E5C}.Release|x64.Build.0 = Release|x64
		{4B717B37-EA35-402B-9916-43759B644E5C}.Release|x86.ActiveCfg = Release|Win32
		{4B717B37-EA35-402B-9916-43759B644E5C}.Release|x86.Build.0 = Release|Win32
		{1634A420-EADF-401D-8115-CD0CC91C448C}.Debug|x64.ActiveCfg = Debug|x64
		{1634A420-EADF-401D-8115-CD0CC91C448C}.Debug|x64.Build.0 = Debug|x64
		{1634A420-EADF-401D-8115-CD0CC91C448C}.Debug|x86.ActiveCfg = Debug|Win32
		{1634A420-EADF-401D-8115-CD0CC91C448C}.Debug|x86.Build.0 = Debug|Win32
		{1634A420-EADF-401D-8115-CD0CC91C448C}.Release|x64.ActiveCfg = Release|x64
		{1634A420-EADF-401D-8115-CD0CC91C448C}.Release|x64.Build.0 = Release|x64
		{1634A420-EADF-401D-8115-CD0CC91C448C}.Release|x86.ActiveCfg = Release|Win32
		{1634A420-EADF-401D-8115-CD0CC91C448C}.Release|x86.Build.0 = Release|Win32
		{7559B309-7D35-4074-8FEF-895B48582D99}.Debug|x64.ActiveCfg = Debug|x64
		{7559B309-7D35-4074-8FEF-895B48582D99}.Debug|x64.Build.0 = Debug|x64
		{7559B309-7D35-4074-8FEF-895B48582D99}.Debug|x86.ActiveCfg = Debug|Win32
		{7559B309-7D35-4074-8FEF-895B48582D99}.Debug|x86.Build.0 = Debug|Win32
		{7559B309-7D35-4074-8FEF-895B48582D99}.Release|x64.ActiveCfg = Release|x64
		{7559B309-7D35-4074-8FEF-895B48582D99}.Release|x64.Build.0 = Release|x64
		{7559B309-7D35-4074-8FEF-895B48582D99}.Release|x86.ActiveCfg = Release|Win32
		{7559B309-7D35-4074-8FEF-895B48582D99}.Release|x86.Build.0 = Release|Win32
		{85B29872-3F49-46EB-8752-98A104E14FCD}.Debug|x64.ActiveCfg = Debug|x64
		{85B29872-3F49-46EB-8752-98A104E14FCD}.Debug|x64.Build.0 = Debug|x64
		{85B29872-3F49-46EB-8752-98A104E14FCD}.Debug|x86.ActiveCfg = Debug|Win32
		{85B29872-3F49-46EB-8752-98A104E14FCD}.Debug|x86.Build.0 = Debug|Win32
		{85B29872-3F49-46EB-8752-98A104E14FCD}.Release|x64.ActiveCfg = Release|x64
		{85B29872-3F49-46EB-8752-98A104E14FCD}.Release|x64.Build.0 = Release|x64
		{85B29872-3F49-46EB-8752-98A104E14FCD}.Release|x86.ActiveCfg = Release|Win32
		{85B29872-3F49-46EB-8752-98A104E14FCD}.Release|x86.Build.0 = Release|Win32
		{E3AF2B09-A8B9-4E77-B644-5D7745508066}.Debug|x64.ActiveCfg = Debug|x64
		{E3AF2B09-A8B9-4E77-B644-5D7745508066}.Debug|x64.Build.0 = Debug|x64
		{E3AF2B09-A8B9-4E77-B644-5D7745508066}.Debug|x86.ActiveCfg = Debug|Win32
		{E3AF2B09-A8B9-4E77-B644-5D7745508066}.Debug|x86.Build.0 = Debug|Win32
		{E3AF2B09-A8B9-4E77-B644-5D7745508066}.Release|x64.ActiveCfg = Release|x64
		{E3AF2B09-A8B9-4E77-B644-5D7745508066}.Release|x64.Build.0 = Release|x64
		{E3AF2B09-A8B9-4E77-B644-5D7745508066}.Release|x86.ActiveCfg = Release|Win32
		{E3AF2B09-A8B9-4E77-B644-5D7745508066}.Release|x86.Build.0 = Release|Win32
		{73DFC8A5-0AFC-47AB-8BC1-895EC2433A31}.Debug|x64.ActiveCfg = Debug|x64
		{73DFC8A5-0AFC-47AB-8BC1-895EC2433A31}.Debug|x64.Build.0 = Debug|x64
		{73DFC8A5-0AFC-47AB-8BC1-895EC2433A31}.Debug|x86.ActiveCfg = Debug|Win32
		{73DFC8A5-0AFC-47AB-8BC1-895EC2433A31}.Debug|x86.Build.0 = Debug|Win32
		{73DFC8A5-0AFC-47AB-8BC1-895EC2433A31}.Release|x64.ActiveCfg = Release|x64
		{73DFC8A5-0AFC-47AB-8BC1-895EC2433A31}.Release|x64.Build.0 = Release|x64
		{73DFC8A5-0AFC-47AB-8BC1-895EC2433A31}.Release|x86.ActiveCfg = Release|Win32
		{73DFC8A5-0AFC-47AB-8BC1-895EC2433A31}.Release|x86.Build.0 = Release|Win32
		{77413A61-A866-4E31-B090-5353D95DEBD1}.Debug|x64.ActiveCfg = Debug|x64
		{77413A61-A866-4E31-B090-5353D95DEBD1}.Debug|x64.Build.0 = Debug|x64
		{77413A61-A866-4E31-B090-5353D95DEBD1}.Debug|x86.ActiveCfg = Debug|Win32
		{77413A61-A866-4E31-B090-5353D95DEBD1}.Debug|x86.Build.0 = Debug|Win32
		{77413A61-A866-4E31-B090-5353D95DEBD1}.Release|x64.ActiveCfg = Release|x64
		{77413A61-A866-4E31-B090-5353D95DEBD1}.Release|x64.Build.0 = Release|x64
		{77413A61-A866-4E31-B090-5353D95DEBD1}.Release|x86.ActiveCfg = Release|Win32
		{77413A61-A866-4E31-B090-5353D95DEBD1}.Release|x86.Build.0 = Release|Win32
		{EFDD4ED9-9988-47B5-B19D-79F665FFF9C6}.Debug|x64.ActiveCfg = Debug|x64
		{EFDD4ED9-9988-47B5-B19D-79F665FFF9C6}.Debug|x64.Build.0 = Debug|x64
		{EFDD4ED9-9988-47B5-B19D-79F665FFF9C6}.Debug|x86.ActiveCfg = Debug|Win32
		{EFDD4ED9-9988-47B5-B19D-79F665FFF9C6}.Debug|x86.Build.0 = Debug|Win32
		{EFDD4ED9-9988-47B5-B19D-79F665FFF9C6}.Release|x64.ActiveCfg = Release|x64
		{EFDD4ED9-9988-47B5-B19D-79F665FFF9C6}.Release|x64.Build.0 = Release|x64
		{EFDD4ED9-9988-47B5-B19D-79F665FFF9C6}.Release|x86.ActiveCfg = Release|Win32
		{EFDD4ED9-9988-47B5-B19D-79F665FFF9C6}.Release|x86.Build.0 = Release|Win32
		{4087C2FB-956A-4295-B7FB-9B3DC98AF601}.Debug|x64.ActiveCfg = Debug|x64
		{4087C2FB-956A-4295-B7FB-9B3DC98AF601}.Debug|x64.Build.0 = Debug|x64
		{4087C2FB-956A-4295-B7FB-9B3DC98AF601}.Debug|x86.ActiveCfg = Debug|Win32
		{4087C2FB-956A-4295-B7FB-9B3DC98AF601}.Debug|x86.Build.0 = Debug|Win32
		{4087C2FB-956A-4295-B7FB-9B3DC98AF601}.Release|x64.ActiveCfg = Release|x64
		{4087C2FB-956A-4295-B7FB-9B3DC98AF601}.Release|x64.Build.0 = Release|x64
		{4087C2FB-956A-4295-B7FB-9B3DC98AF601}.Release|x86.ActiveCfg = Release|Win32
		{4087C2FB-956A-4295-B7FB-9B3DC98AF601}.Release|x86.Build.0 = Release|Win32
		{196A6B71-0604-476F-AC3F-DE61C42C172B}.Debug|x64.ActiveCfg = Debug|x64
		{196A6B71-0604-476F-AC3F-DE61C42C172B}.Debug|x64.Build.0 = Debug|x64
		{196A6B71-0604-476F-AC3F-DE61C42C172B}.Debug|x86.ActiveCfg = Debug|Win32
		{196A6B71-0604-476F-AC3F-DE61C42C172B}.Debug|x86.Build.0 = Debug|Win32
		{196A6B71-0604-476F-AC3F-DE61C42C172B}.Release|x64.ActiveCfg = Release|x64
		{196A6B71-0604-476F-AC3F-DE61C42C172B}.Release|x64.Build.0 = Release|x64
		{196A6B71-0604-476F-AC3F-DE61C42C172B}.Release|x86.ActiveCfg = Release|Win32
		{196A6B71-0604-476F-AC3F-DE61C42C172B}.Release|x86.Build.0 = Release|Win32
		{5D43B68F-55D7-416A-9409-0824952705CA}.Debug|x64.ActiveCfg = Debug|x64
		{5D43B68F-55D7-416A-9409-0824952705CA}.Debug|x64.Build.0 = Debug|x64
		{5D43B68F-55D7-416A-9409-0824952705CA}.Debug|x86.ActiveCfg = Debug|Win32
		{5D43B68F-55D7-416A-9409-0824952705CA}.Debug|x86.Build.0 = Debug|Win32
		{5D43B68F-55D7-416A-9409-0824952705CA}.Release|x64.ActiveCfg = Release|x64
		{5D43B68F-55D7-416A-9409-0824952705CA}.Release|x64.Build.0 = Release|x64
		{5D43B68F-55D7-416A-9409-0824952705CA}.Release|x86.ActiveCfg = Release|Win32
		{5D43B68F-55D7-416A-9409-0824952705CA}.Release|x86.Build.0 = Release|Win32
		{963180C4-9DB2-4FA2-9A01-FCFCDC45F028}.Debug|x64.ActiveCfg = Debug|x64
		{963180C4-9DB2-4FA2-9A01-FCFCDC45F028}.Debug|x64.Build.0 = Debug|x64
		{963180C4-9DB2-4FA2-9A01-FCFCDC45F028}.Debug|x86.ActiveCfg = Debug|Win32
		{963180C4-9DB2-4FA2-9A01-FCFCDC45F028}.Debug|x86.Build.0 = Debug|Win32
		{963180C4-9DB2-4FA2-9A01-FCFCDC45F028}.Release|x64.ActiveCfg = Release|x64
		{963180C4-9DB2-4FA2-9A01-FCFCDC45F028}.Release|x64.Build.0 = Release|x64
		{963180C4-9DB2-4FA2-9A01-FCFCDC45F028}.Release|x86.ActiveCfg = Release|Win32
		{963180C4-9DB2-4FA2-9A01-FCFCDC45F028}.Release|x86.Build.0 = Release|Win32
	EndGlobalSection
	GlobalSection(SolutionProperties) = preSolution
		HideSolutionNode = FALSE
	EndGlobalSection
	GlobalSection(ExtensibilityGlobals) = postSolution
		SolutionGuid = {678937DD-7BDB-46DC-9AED-4BB0AD93F0FD}
	EndGlobalSection
EndGlobal
